
Microsoft Visual Studio Solution File, Format Version 12.00
# Visual Studio Version 17
VisualStudioVersion = 17.3.32811.315
MinimumVisualStudioVersion = 10.0.40219.1
Project("{FAE04EC0-301F-11D3-BF4B-00C04F79EFBC}") = "Black Jack 2.02", "Black Jack 2.02\Black Jack 2.02.csproj", "{0CCEE4E9-950D-41B5-9575-CC3B61E12BC4}"
EndProject
Global
	GlobalSection(SolutionConfigurationPlatforms) = preSolution
		Debug|Any CPU = Debug|Any CPU
		Release|Any CPU = Release|Any CPU
	EndGlobalSection
	GlobalSection(ProjectConfigurationPlatforms) = postSolution
		{0CCEE4E9-950D-41B5-9575-CC3B61E12BC4}.Debug|Any CPU.ActiveCfg = Debug|Any CPU
		{0CCEE4E9-950D-41B5-9575-CC3B61E12BC4}.Debug|Any CPU.Build.0 = Debug|Any CPU
		{0CCEE4E9-950D-41B5-9575-CC3B61E12BC4}.Release|Any CPU.ActiveCfg = Release|Any CPU
		{0CCEE4E9-950D-41B5-9575-CC3B61E12BC4}.Release|Any CPU.Build.0 = Release|Any CPU
	EndGlobalSection
	GlobalSection(SolutionProperties) = preSolution
		HideSolutionNode = FALSE
	EndGlobalSection
	GlobalSection(ExtensibilityGlobals) = postSolution
		SolutionGuid = {48208DA5-A9B9-4976-A29B-C9D6B1396F6C}
	EndGlobalSection
EndGlobal
